
Microsoft Visual Studio Solution File, Format Version 12.00
# Visual Studio Version 16
VisualStudioVersion = 16.0.29728.190
MinimumVisualStudioVersion = 10.0.40219.1
Project("{FAE04EC0-301F-11D3-BF4B-00C04F79EFBC}") = "chera_shop_2", "chera_shop_2\chera_shop_2.csproj", "{4F879104-1498-4D19-A786-BE4D7436E4AD}"
EndProject
Global
	GlobalSection(SolutionConfigurationPlatforms) = preSolution
		Debug|Any CPU = Debug|Any CPU
		Release|Any CPU = Release|Any CPU
	EndGlobalSection
	GlobalSection(ProjectConfigurationPlatforms) = postSolution
		{4F879104-1498-4D19-A786-BE4D7436E4AD}.Debug|Any CPU.ActiveCfg = Debug|Any CPU
		{4F879104-1498-4D19-A786-BE4D7436E4AD}.Debug|Any CPU.Build.0 = Debug|Any CPU
		{4F879104-1498-4D19-A786-BE4D7436E4AD}.Release|Any CPU.ActiveCfg = Release|Any CPU
		{4F879104-1498-4D19-A786-BE4D7436E4AD}.Release|Any CPU.Build.0 = Release|Any CPU
	EndGlobalSection
	GlobalSection(SolutionProperties) = preSolution
		HideSolutionNode = FALSE
	EndGlobalSection
	GlobalSection(ExtensibilityGlobals) = postSolution
		SolutionGuid = {0C647494-6D7D-4CCC-A75A-597F3127BD9D}
	EndGlobalSection
EndGlobal
